// !$*UTF8*$!
{
	archiveVersion = 1;
	classes = {
	};
	objectVersion = 52;
	objects = {

/* Begin PBXBuildFile section */
		8DBF48A125D789BD005833BC /* AppDelegate.swift in Sources */ = {isa = PBXBuildFile; fileRef = 8DBF48A025D789BD005833BC /* AppDelegate.swift */; };
		8DBF48A325D789BD005833BC /* SceneDelegate.swift in Sources */ = {isa = PBXBuildFile; fileRef = 8DBF48A225D789BD005833BC /* SceneDelegate.swift */; };
		8DBF48A525D789BD005833BC /* ViewController.swift in Sources */ = {isa = PBXBuildFile; fileRef = 8DBF48A425D789BD005833BC /* ViewController.swift */; };
		8DBF48A825D789BD005833BC /* Main.storyboard in Resources */ = {isa = PBXBuildFile; fileRef = 8DBF48A625D789BD005833BC /* Main.storyboard */; };
		8DBF48AA25D789BF005833BC /* Assets.xcassets in Resources */ = {isa = PBXBuildFile; fileRef = 8DBF48A925D789BF005833BC /* Assets.xcassets */; };
		8DBF48AD25D789BF005833BC /* LaunchScreen.storyboard in Resources */ = {isa = PBXBuildFile; fileRef = 8DBF48AB25D789BF005833BC /* LaunchScreen.storyboard */; };
		8DBF48B625D78AEF005833BC /* img.png in Resources */ = {isa = PBXBuildFile; fileRef = 8DBF48B525D78AEF005833BC /* img.png */; };
		8DBF48BA25D78BC2005833BC /* PKHUD in Frameworks */ = {isa = PBXBuildFile; productRef = 8DBF48B925D78BC2005833BC /* PKHUD */; };
/* End PBXBuildFile section */

/* Begin PBXFileReference section */
		8DBF489D25D789BD005833BC /* SwiftPMApp.app */ = {isa = PBXFileReference; explicitFileType = wrapper.application; includeInIndex = 0; path = SwiftPMApp.app; sourceTree = BUILT_PRODUCTS_DIR; };
		8DBF48A025D789BD005833BC /* AppDelegate.swift */ = {isa = PBXFileReference; lastKnownFileType = sourcecode.swift; path = AppDelegate.swift; sourceTree = "<group>"; };
		8DBF48A225D789BD005833BC /* SceneDelegate.swift */ = {isa = PBXFileReference; lastKnownFileType = sourcecode.swift; path = SceneDelegate.swift; sourceTree = "<group>"; };
		8DBF48A425D789BD005833BC /* ViewController.swift */ = {isa = PBXFileReference; lastKnownFileType = sourcecode.swift; path = ViewController.swift; sourceTree = "<group>"; };
		8DBF48A725D789BD005833BC /* Base */ = {isa = PBXFileReference; lastKnownFileType = file.storyboard; name = Base; path = Base.lproj/Main.storyboard; sourceTree = "<group>"; };
		8DBF48A925D789BF005833BC /* Assets.xcassets */ = {isa = PBXFileReference; lastKnownFileType = folder.assetcatalog; path = Assets.xcassets; sourceTree = "<group>"; };
		8DBF48AC25D789BF005833BC /* Base */ = {isa = PBXFileReference; lastKnownFileType = file.storyboard; name = Base; path = Base.lproj/LaunchScreen.storyboard; sourceTree = "<group>"; };
		8DBF48AE25D789BF005833BC /* Info.plist */ = {isa = PBXFileReference; lastKnownFileType = text.plist.xml; path = Info.plist; sourceTree = "<group>"; };
		8DBF48B525D78AEF005833BC /* img.png */ = {isa = PBXFileReference; lastKnownFileType = image.png; path = img.png; sourceTree = "<group>"; };
/* End PBXFileReference section */

/* Begin PBXFrameworksBuildPhase section */
		8DBF489A25D789BD005833BC /* Frameworks */ = {
			isa = PBXFrameworksBuildPhase;
			buildActionMask = 2147483647;
			files = (
				8DBF48BA25D78BC2005833BC /* PKHUD in Frameworks */,
			);
			runOnlyForDeploymentPostprocessing = 0;
		};
/* End PBXFrameworksBuildPhase section */

/* Begin PBXGroup section */
		8DBF489425D789BD005833BC = {
			isa = PBXGroup;
			children = (
				8DBF489F25D789BD005833BC /* SwiftPMApp */,
				8DBF489E25D789BD005833BC /* Products */,
			);
			sourceTree = "<group>";
		};
		8DBF489E25D789BD005833BC /* Products */ = {
			isa = PBXGroup;
			children = (
				8DBF489D25D789BD005833BC /* SwiftPMApp.app */,
			);
			name = Products;
			sourceTree = "<group>";
		};
		8DBF489F25D789BD005833BC /* SwiftPMApp */ = {
			isa = PBXGroup;
			children = (
				8DBF48B525D78AEF005833BC /* img.png */,
				8DBF48A025D789BD005833BC /* AppDelegate.swift */,
				8DBF48A225D789BD005833BC /* SceneDelegate.swift */,
				8DBF48A425D789BD005833BC /* ViewController.swift */,
				8DBF48A625D789BD005833BC /* Main.storyboard */,
				8DBF48A925D789BF005833BC /* Assets.xcassets */,
				8DBF48AB25D789BF005833BC /* LaunchScreen.storyboard */,
				8DBF48AE25D789BF005833BC /* Info.plist */,
			);
			path = SwiftPMApp;
			sourceTree = "<group>";
		};
/* End PBXGroup section */

/* Begin PBXNativeTarget section */
		8DBF489C25D789BD005833BC /* SwiftPMApp */ = {
			isa = PBXNativeTarget;
			buildConfigurationList = 8DBF48B125D789BF005833BC /* Build configuration list for PBXNativeTarget "SwiftPMApp" */;
			buildPhases = (
				8DBF489925D789BD005833BC /* Sources */,
				8DBF489A25D789BD005833BC /* Frameworks */,
				8DBF489B25D789BD005833BC /* Resources */,
			);
			buildRules = (
			);
			dependencies = (
			);
			name = SwiftPMApp;
			packageProductDependencies = (
				8DBF48B925D78BC2005833BC /* PKHUD */,
			);
			productName = SwiftPMApp;
			productReference = 8DBF489D25D789BD005833BC /* SwiftPMApp.app */;
			productType = "com.apple.product-type.application";
		};
/* End PBXNativeTarget section */

/* Begin PBXProject section */
		8DBF489525D789BD005833BC /* Project object */ = {
			isa = PBXProject;
			attributes = {
				LastSwiftUpdateCheck = 1240;
				LastUpgradeCheck = 1240;
				TargetAttributes = {
					8DBF489C25D789BD005833BC = {
						CreatedOnToolsVersion = 12.4;
					};
				};
			};
			buildConfigurationList = 8DBF489825D789BD005833BC /* Build configuration list for PBXProject "SwiftPMApp" */;
			compatibilityVersion = "Xcode 9.3";
			developmentRegion = en;
			hasScannedForEncodings = 0;
			knownRegions = (
				en,
				Base,
			);
			mainGroup = 8DBF489425D789BD005833BC;
			packageReferences = (
				8DBF48B825D78BC2005833BC /* XCRemoteSwiftPackageReference "PKHUD" */,
			);
			productRefGroup = 8DBF489E25D789BD005833BC /* Products */;
			projectDirPath = "";
			projectRoot = "";
			targets = (
				8DBF489C25D789BD005833BC /* SwiftPMApp */,
			);
		};
/* End PBXProject section */

/* Begin PBXResourcesBuildPhase section */
		8DBF489B25D789BD005833BC /* Resources */ = {
			isa = PBXResourcesBuildPhase;
			buildActionMask = 2147483647;
			files = (
				8DBF48AD25D789BF005833BC /* LaunchScreen.storyboard in Resources */,
				8DBF48AA25D789BF005833BC /* Assets.xcassets in Resources */,
				8DBF48A825D789BD005833BC /* Main.storyboard in Resources */,
				8DBF48B625D78AEF005833BC /* img.png in Resources */,
			);
			runOnlyForDeploymentPostprocessing = 0;
		};
/* End PBXResourcesBuildPhase section */

/* Begin PBXSourcesBuildPhase section */
		8DBF489925D789BD005833BC /* Sources */ = {
			isa = PBXSourcesBuildPhase;
			buildActionMask = 2147483647;
			files = (
				8DBF48A525D789BD005833BC /* ViewController.swift in Sources */,
				8DBF48A125D789BD005833BC /* AppDelegate.swift in Sources */,
				8DBF48A325D789BD005833BC /* SceneDelegate.swift in Sources */,
			);
			runOnlyForDeploymentPostprocessing = 0;
		};
/* End PBXSourcesBuildPhase section */

/* Begin PBXVariantGroup section */
		8DBF48A625D789BD005833BC /* Main.storyboard */ = {
			isa = PBXVariantGroup;
			children = (
				8DBF48A725D789BD005833BC /* Base */,
			);
			name = Main.storyboard;
			sourceTree = "<group>";
		};
		8DBF48AB25D789BF005833BC /* LaunchScreen.storyboard */ = {
			isa = PBXVariantGroup;
			children = (
				8DBF48AC25D789BF005833BC /* Base */,
			);
			name = LaunchScreen.storyboard;
			sourceTree = "<group>";
		};
/* End PBXVariantGroup section */

/* Begin XCBuildConfiguration section */
		8DBF48AF25D789BF005833BC /* Debug */ = {
			isa = XCBuildConfiguration;
			buildSettings = {
				ALWAYS_SEARCH_USER_PATHS = NO;
				CLANG_ANALYZER_NONNULL = YES;
				CLANG_ANALYZER_NUMBER_OBJECT_CONVERSION = YES_AGGRESSIVE;
				CLANG_CXX_LANGUAGE_STANDARD = "gnu++14";
				CLANG_CXX_LIBRARY = "libc++";
				CLANG_ENABLE_MODULES = YES;
				CLANG_ENABLE_OBJC_ARC = YES;
				CLANG_ENABLE_OBJC_WEAK = YES;
				CLANG_WARN_BLOCK_CAPTURE_AUTORELEASING = YES;
				CLANG_WARN_BOOL_CONVERSION = YES;
				CLANG_WARN_COMMA = YES;
				CLANG_WARN_CONSTANT_CONVERSION = YES;
				CLANG_WARN_DEPRECATED_OBJC_IMPLEMENTATIONS = YES;
				CLANG_WARN_DIRECT_OBJC_ISA_USAGE = YES_ERROR;
				CLANG_WARN_DOCUMENTATION_COMMENTS = YES;
				CLANG_WARN_EMPTY_BODY = YES;
				CLANG_WARN_ENUM_CONVERSION = YES;
				CLANG_WARN_INFINITE_RECURSION = YES;
				CLANG_WARN_INT_CONVERSION = YES;
				CLANG_WARN_NON_LITERAL_NULL_CONVERSION = YES;
				CLANG_WARN_OBJC_IMPLICIT_RETAIN_SELF = YES;
				CLANG_WARN_OBJC_LITERAL_CONVERSION = YES;
				CLANG_WARN_OBJC_ROOT_CLASS = YES_ERROR;
				CLANG_WARN_QUOTED_INCLUDE_IN_FRAMEWORK_HEADER = YES;
				CLANG_WARN_RANGE_LOOP_ANALYSIS = YES;
				CLANG_WARN_STRICT_PROTOTYPES = YES;
				CLANG_WARN_SUSPICIOUS_MOVE = YES;
				CLANG_WARN_UNGUARDED_AVAILABILITY = YES_AGGRESSIVE;
				CLANG_WARN_UNREACHABLE_CODE = YES;
				CLANG_WARN__DUPLICATE_METHOD_MATCH = YES;
				COPY_PHASE_STRIP = NO;
				DEBUG_INFORMATION_FORMAT = dwarf;
				ENABLE_STRICT_OBJC_MSGSEND = YES;
				ENABLE_TESTABILITY = YES;
				GCC_C_LANGUAGE_STANDARD = gnu11;
				GCC_DYNAMIC_NO_PIC = NO;
				GCC_NO_COMMON_BLOCKS = YES;
				GCC_OPTIMIZATION_LEVEL = 0;
				GCC_PREPROCESSOR_DEFINITIONS = (
					"DEBUG=1",
					"$(inherited)",
				);
				GCC_WARN_64_TO_32_BIT_CONVERSION = YES;
				GCC_WARN_ABOUT_RETURN_TYPE = YES_ERROR;
				GCC_WARN_UNDECLARED_SELECTOR = YES;
				GCC_WARN_UNINITIALIZED_AUTOS = YES_AGGRESSIVE;
				GCC_WARN_UNUSED_FUNCTION = YES;
				GCC_WARN_UNUSED_VARIABLE = YES;
				IPHONEOS_DEPLOYMENT_TARGET = 14.4;
				MTL_ENABLE_DEBUG_INFO = INCLUDE_SOURCE;
				MTL_FAST_MATH = YES;
				ONLY_ACTIVE_ARCH = YES;
				SDKROOT = iphoneos;
				SWIFT_ACTIVE_COMPILATION_CONDITIONS = DEBUG;
				SWIFT_OPTIMIZATION_LEVEL = "-Onone";
			};
			name = Debug;
		};
		8DBF48B025D789BF005833BC /* Release */ = {
			isa = XCBuildConfiguration;
			buildSettings = {
				ALWAYS_SEARCH_USER_PATHS = NO;
				CLANG_ANALYZER_NONNULL = YES;
				CLANG_ANALYZER_NUMBER_OBJECT_CONVERSION = YES_AGGRESSIVE;
				CLANG_CXX_LANGUAGE_STANDARD = "gnu++14";
				CLANG_CXX_LIBRARY = "libc++";
				CLANG_ENABLE_MODULES = YES;
				CLANG_ENABLE_OBJC_ARC = YES;
				CLANG_ENABLE_OBJC_WEAK = YES;
				CLANG_WARN_BLOCK_CAPTURE_AUTORELEASING = YES;
				CLANG_WARN_BOOL_CONVERSION = YES;
				CLANG_WARN_COMMA = YES;
				CLANG_WARN_CONSTANT_CONVERSION = YES;
				CLANG_WARN_DEPRECATED_OBJC_IMPLEMENTATIONS = YES;
				CLANG_WARN_DIRECT_OBJC_ISA_USAGE = YES_ERROR;
				CLANG_WARN_DOCUMENTATION_COMMENTS = YES;
				CLANG_WARN_EMPTY_BODY = YES;
				CLANG_WARN_ENUM_CONVERSION = YES;
				CLANG_WARN_INFINITE_RECURSION = YES;
				CLANG_WARN_INT_CONVERSION = YES;
				CLANG_WARN_NON_LITERAL_NULL_CONVERSION = YES;
				CLANG_WARN_OBJC_IMPLICIT_RETAIN_SELF = YES;
				CLANG_WARN_OBJC_LITERAL_CONVERSION = YES;
				CLANG_WARN_OBJC_ROOT_CLASS = YES_ERROR;
				CLANG_WARN_QUOTED_INCLUDE_IN_FRAMEWORK_HEADER = YES;
				CLANG_WARN_RANGE_LOOP_ANALYSIS = YES;
				CLANG_WARN_STRICT_PROTOTYPES = YES;
				CLANG_WARN_SUSPICIOUS_MOVE = YES;
				CLANG_WARN_UNGUARDED_AVAILABILITY = YES_AGGRESSIVE;
				CLANG_WARN_UNREACHABLE_CODE = YES;
				CLANG_WARN__DUPLICATE_METHOD_MATCH = YES;
				COPY_PHASE_STRIP = NO;
				DEBUG_INFORMATION_FORMAT = "dwarf-with-dsym";
				ENABLE_NS_ASSERTIONS = NO;
				ENABLE_STRICT_OBJC_MSGSEND = YES;
				GCC_C_LANGUAGE_STANDARD = gnu11;
				GCC_NO_COMMON_BLOCKS = YES;
				GCC_WARN_64_TO_32_BIT_CONVERSION = YES;
				GCC_WARN_ABOUT_RETURN_TYPE = YES_ERROR;
				GCC_WARN_UNDECLARED_SELECTOR = YES;
				GCC_WARN_UNINITIALIZED_AUTOS = YES_AGGRESSIVE;
				GCC_WARN_UNUSED_FUNCTION = YES;
				GCC_WARN_UNUSED_VARIABLE = YES;
				IPHONEOS_DEPLOYMENT_TARGET = 14.4;
				MTL_ENABLE_DEBUG_INFO = NO;
				MTL_FAST_MATH = YES;
				SDKROOT = iphoneos;
				SWIFT_COMPILATION_MODE = wholemodule;
				SWIFT_OPTIMIZATION_LEVEL = "-O";
				VALIDATE_PRODUCT = YES;
			};
			name = Release;
		};
		8DBF48B225D789BF005833BC /* Debug */ = {
			isa = XCBuildConfiguration;
			buildSettings = {
				ASSETCATALOG_COMPILER_APPICON_NAME = AppIcon;
				ASSETCATALOG_COMPILER_GLOBAL_ACCENT_COLOR_NAME = AccentColor;
				CODE_SIGN_STYLE = Automatic;
				INFOPLIST_FILE = SwiftPMApp/Info.plist;
				LD_RUNPATH_SEARCH_PATHS = (
					"$(inherited)",
					"@executable_path/Frameworks",
				);
				PRODUCT_BUNDLE_IDENTIFIER = app.taruto.SwiftPMApp;
				PRODUCT_NAME = "$(TARGET_NAME)";
				SWIFT_VERSION = 5.0;
				TARGETED_DEVICE_FAMILY = "1,2";
			};
			name = Debug;
		};
		8DBF48B325D789BF005833BC /* Release */ = {
			isa = XCBuildConfiguration;
			buildSettings = {
				ASSETCATALOG_COMPILER_APPICON_NAME = AppIcon;
				ASSETCATALOG_COMPILER_GLOBAL_ACCENT_COLOR_NAME = AccentColor;
				CODE_SIGN_STYLE = Automatic;
				INFOPLIST_FILE = SwiftPMApp/Info.plist;
				LD_RUNPATH_SEARCH_PATHS = (
					"$(inherited)",
					"@executable_path/Frameworks",
				);
				PRODUCT_BUNDLE_IDENTIFIER = app.taruto.SwiftPMApp;
				PRODUCT_NAME = "$(TARGET_NAME)";
				SWIFT_VERSION = 5.0;
				TARGETED_DEVICE_FAMILY = "1,2";
			};
			name = Release;
		};
/* End XCBuildConfiguration section */

/* Begin XCConfigurationList section */
		8DBF489825D789BD005833BC /* Build configuration list for PBXProject "SwiftPMApp" */ = {
			isa = XCConfigurationList;
			buildConfigurations = (
				8DBF48AF25D789BF005833BC /* Debug */,
				8DBF48B025D789BF005833BC /* Release */,
			);
			defaultConfigurationIsVisible = 0;
			defaultConfigurationName = Release;
		};
		8DBF48B125D789BF005833BC /* Build configuration list for PBXNativeTarget "SwiftPMApp" */ = {
			isa = XCConfigurationList;
			buildConfigurations = (
				8DBF48B225D789BF005833BC /* Debug */,
				8DBF48B325D789BF005833BC /* Release */,
			);
			defaultConfigurationIsVisible = 0;
			defaultConfigurationName = Release;
		};
/* End XCConfigurationList section */

/* Begin XCRemoteSwiftPackageReference section */
		8DBF48B825D78BC2005833BC /* XCRemoteSwiftPackageReference "PKHUD" */ = {
			isa = XCRemoteSwiftPackageReference;
			repositoryURL = "https://github.com/pkluz/PKHUD.git";
			requirement = {
				kind = upToNextMajorVersion;
				minimumVersion = 5.4.0;
			};
		};
/* End XCRemoteSwiftPackageReference section */

/* Begin XCSwiftPackageProductDependency section */
		8DBF48B925D78BC2005833BC /* PKHUD */ = {
			isa = XCSwiftPackageProductDependency;
			package = 8DBF48B825D78BC2005833BC /* XCRemoteSwiftPackageReference "PKHUD" */;
			productName = PKHUD;
		};
/* End XCSwiftPackageProductDependency section */
	};
	rootObject = 8DBF489525D789BD005833BC /* Project object */;
}
